
Microsoft Visual Studio Solution File, Format Version 12.00
# Visual Studio Version 16
VisualStudioVersion = 16.0.30114.105
MinimumVisualStudioVersion = 10.0.40219.1
Project("{FAE04EC0-301F-11D3-BF4B-00C04F79EFBC}") = "TP6_2", "TP6_2\TP6_2.csproj", "{5A664074-AED6-4420-898F-E15EE7210932}"
EndProject
Global
	GlobalSection(SolutionConfigurationPlatforms) = preSolution
		Debug|Any CPU = Debug|Any CPU
		Release|Any CPU = Release|Any CPU
	EndGlobalSection
	GlobalSection(ProjectConfigurationPlatforms) = postSolution
		{5A664074-AED6-4420-898F-E15EE7210932}.Debug|Any CPU.ActiveCfg = Debug|Any CPU
		{5A664074-AED6-4420-898F-E15EE7210932}.Debug|Any CPU.Build.0 = Debug|Any CPU
		{5A664074-AED6-4420-898F-E15EE7210932}.Release|Any CPU.ActiveCfg = Release|Any CPU
		{5A664074-AED6-4420-898F-E15EE7210932}.Release|Any CPU.Build.0 = Release|Any CPU
	EndGlobalSection
	GlobalSection(SolutionProperties) = preSolution
		HideSolutionNode = FALSE
	EndGlobalSection
	GlobalSection(ExtensibilityGlobals) = postSolution
		SolutionGuid = {D7ACF3E8-91E6-458B-BF49-FF3DF77C0DA9}
	EndGlobalSection
EndGlobal
