
Microsoft Visual Studio Solution File, Format Version 12.00
# Visual Studio Version 16
VisualStudioVersion = 16.0.30114.105
MinimumVisualStudioVersion = 10.0.40219.1
Project("{FAE04EC0-301F-11D3-BF4B-00C04F79EFBC}") = "TP6", "TP6\TP6.csproj", "{F835E0B4-F58E-43CD-B824-2D1922B0D733}"
EndProject
Global
	GlobalSection(SolutionConfigurationPlatforms) = preSolution
		Debug|Any CPU = Debug|Any CPU
		Release|Any CPU = Release|Any CPU
	EndGlobalSection
	GlobalSection(ProjectConfigurationPlatforms) = postSolution
		{F835E0B4-F58E-43CD-B824-2D1922B0D733}.Debug|Any CPU.ActiveCfg = Debug|Any CPU
		{F835E0B4-F58E-43CD-B824-2D1922B0D733}.Debug|Any CPU.Build.0 = Debug|Any CPU
		{F835E0B4-F58E-43CD-B824-2D1922B0D733}.Release|Any CPU.ActiveCfg = Release|Any CPU
		{F835E0B4-F58E-43CD-B824-2D1922B0D733}.Release|Any CPU.Build.0 = Release|Any CPU
	EndGlobalSection
	GlobalSection(SolutionProperties) = preSolution
		HideSolutionNode = FALSE
	EndGlobalSection
	GlobalSection(ExtensibilityGlobals) = postSolution
		SolutionGuid = {2ABED3F7-7C6A-460D-A4F5-0D6E70B85677}
	EndGlobalSection
EndGlobal
